
Microsoft Visual Studio Solution File, Format Version 12.00
# Visual Studio 2012
Project("{FAE04EC0-301F-11D3-BF4B-00C04F79EFBC}") = "Sun", "Sun\Sun.csproj", "{59721A52-3D51-4B1E-A534-65AF481D8C33}"
EndProject
Global
	GlobalSection(SolutionConfigurationPlatforms) = preSolution
		Debug|Any CPU = Debug|Any CPU
		Release|Any CPU = Release|Any CPU
	EndGlobalSection
	GlobalSection(ProjectConfigurationPlatforms) = postSolution
		{59721A52-3D51-4B1E-A534-65AF481D8C33}.Debug|Any CPU.ActiveCfg = Debug|Any CPU
		{59721A52-3D51-4B1E-A534-65AF481D8C33}.Debug|Any CPU.Build.0 = Debug|Any CPU
		{59721A52-3D51-4B1E-A534-65AF481D8C33}.Release|Any CPU.ActiveCfg = Release|Any CPU
		{59721A52-3D51-4B1E-A534-65AF481D8C33}.Release|Any CPU.Build.0 = Release|Any CPU
	EndGlobalSection
	GlobalSection(SolutionProperties) = preSolution
		HideSolutionNode = FALSE
	EndGlobalSection
EndGlobal
